// !$*UTF8*$!
{
	archiveVersion = 1;
	classes = {
	};
	objectVersion = 48;
	objects = {

/* Begin PBXBuildFile section */
		F16985881F0B60BD0056D8F2 /* FDC_Constants.h in Headers */ = {isa = PBXBuildFile; fileRef = F16985871F0B60BD0056D8F2 /* FDC_Constants.h */; };
		F1EBA5211F0B0DAD0035B5DA /* InternalFloppyDrive.c in Sources */ = {isa = PBXBuildFile; fileRef = F1EBA5201F0B0DAD0035B5DA /* InternalFloppyDrive.c */; };
/* End PBXBuildFile section */

/* Begin PBXFileReference section */
		F16985871F0B60BD0056D8F2 /* FDC_Constants.h */ = {isa = PBXFileReference; fileEncoding = 4; lastKnownFileType = sourcecode.c.h; path = FDC_Constants.h; sourceTree = "<group>"; };
		F1EBA51D1F0B0DAD0035B5DA /* InternalFloppyDrive.kext */ = {isa = PBXFileReference; explicitFileType = wrapper.cfbundle; includeInIndex = 0; path = InternalFloppyDrive.kext; sourceTree = BUILT_PRODUCTS_DIR; };
		F1EBA5201F0B0DAD0035B5DA /* InternalFloppyDrive.c */ = {isa = PBXFileReference; lastKnownFileType = sourcecode.c.c; path = InternalFloppyDrive.c; sourceTree = "<group>"; };
		F1EBA5221F0B0DAD0035B5DA /* Info.plist */ = {isa = PBXFileReference; lastKnownFileType = text.plist.xml; path = Info.plist; sourceTree = "<group>"; };
/* End PBXFileReference section */

/* Begin PBXFrameworksBuildPhase section */
		F1EBA5191F0B0DAD0035B5DA /* Frameworks */ = {
			isa = PBXFrameworksBuildPhase;
			buildActionMask = 2147483647;
			files = (
			);
			runOnlyForDeploymentPostprocessing = 0;
		};
/* End PBXFrameworksBuildPhase section */

/* Begin PBXGroup section */
		F1EBA5131F0B0DAD0035B5DA = {
			isa = PBXGroup;
			children = (
				F1EBA51F1F0B0DAD0035B5DA /* InternalFloppyDrive */,
				F1EBA51E1F0B0DAD0035B5DA /* Products */,
			);
			sourceTree = "<group>";
		};
		F1EBA51E1F0B0DAD0035B5DA /* Products */ = {
			isa = PBXGroup;
			children = (
				F1EBA51D1F0B0DAD0035B5DA /* InternalFloppyDrive.kext */,
			);
			name = Products;
			sourceTree = "<group>";
		};
		F1EBA51F1F0B0DAD0035B5DA /* InternalFloppyDrive */ = {
			isa = PBXGroup;
			children = (
				F1EBA5201F0B0DAD0035B5DA /* InternalFloppyDrive.c */,
				F1EBA5221F0B0DAD0035B5DA /* Info.plist */,
				F16985871F0B60BD0056D8F2 /* FDC_Constants.h */,
			);
			path = InternalFloppyDrive;
			sourceTree = "<group>";
		};
/* End PBXGroup section */

/* Begin PBXHeadersBuildPhase section */
		F1EBA51A1F0B0DAD0035B5DA /* Headers */ = {
			isa = PBXHeadersBuildPhase;
			buildActionMask = 2147483647;
			files = (
				F16985881F0B60BD0056D8F2 /* FDC_Constants.h in Headers */,
			);
			runOnlyForDeploymentPostprocessing = 0;
		};
/* End PBXHeadersBuildPhase section */

/* Begin PBXNativeTarget section */
		F1EBA51C1F0B0DAD0035B5DA /* InternalFloppyDrive */ = {
			isa = PBXNativeTarget;
			buildConfigurationList = F1EBA5251F0B0DAD0035B5DA /* Build configuration list for PBXNativeTarget "InternalFloppyDrive" */;
			buildPhases = (
				F1EBA5181F0B0DAD0035B5DA /* Sources */,
				F1EBA5191F0B0DAD0035B5DA /* Frameworks */,
				F1EBA51A1F0B0DAD0035B5DA /* Headers */,
				F1EBA51B1F0B0DAD0035B5DA /* Resources */,
			);
			buildRules = (
			);
			dependencies = (
			);
			name = InternalFloppyDrive;
			productName = InternalFloppyDrive;
			productReference = F1EBA51D1F0B0DAD0035B5DA /* InternalFloppyDrive.kext */;
			productType = "com.apple.product-type.kernel-extension";
		};
/* End PBXNativeTarget section */

/* Begin PBXProject section */
		F1EBA5141F0B0DAD0035B5DA /* Project object */ = {
			isa = PBXProject;
			attributes = {
				LastUpgradeCheck = 0900;
				ORGANIZATIONNAME = "Sydney Erickson";
				TargetAttributes = {
					F1EBA51C1F0B0DAD0035B5DA = {
						CreatedOnToolsVersion = 9.0;
					};
				};
			};
			buildConfigurationList = F1EBA5171F0B0DAD0035B5DA /* Build configuration list for PBXProject "InternalFloppyDrive" */;
			compatibilityVersion = "Xcode 8.0";
			developmentRegion = en;
			hasScannedForEncodings = 0;
			knownRegions = (
				en,
			);
			mainGroup = F1EBA5131F0B0DAD0035B5DA;
			productRefGroup = F1EBA51E1F0B0DAD0035B5DA /* Products */;
			projectDirPath = "";
			projectRoot = "";
			targets = (
				F1EBA51C1F0B0DAD0035B5DA /* InternalFloppyDrive */,
			);
		};
/* End PBXProject section */

/* Begin PBXResourcesBuildPhase section */
		F1EBA51B1F0B0DAD0035B5DA /* Resources */ = {
			isa = PBXResourcesBuildPhase;
			buildActionMask = 2147483647;
			files = (
			);
			runOnlyForDeploymentPostprocessing = 0;
		};
/* End PBXResourcesBuildPhase section */

/* Begin PBXSourcesBuildPhase section */
		F1EBA5181F0B0DAD0035B5DA /* Sources */ = {
			isa = PBXSourcesBuildPhase;
			buildActionMask = 2147483647;
			files = (
				F1EBA5211F0B0DAD0035B5DA /* InternalFloppyDrive.c in Sources */,
			);
			runOnlyForDeploymentPostprocessing = 0;
		};
/* End PBXSourcesBuildPhase section */

/* Begin XCBuildConfiguration section */
		F1EBA5231F0B0DAD0035B5DA /* Debug */ = {
			isa = XCBuildConfiguration;
			buildSettings = {
				ALWAYS_SEARCH_USER_PATHS = NO;
				CLANG_ANALYZER_NONNULL = YES;
				CLANG_ANALYZER_NUMBER_OBJECT_CONVERSION = YES_AGGRESSIVE;
				CLANG_CXX_LANGUAGE_STANDARD = "gnu++14";
				CLANG_CXX_LIBRARY = "libc++";
				CLANG_ENABLE_MODULES = YES;
				CLANG_ENABLE_OBJC_ARC = YES;
				CLANG_WARN_BLOCK_CAPTURE_AUTORELEASING = YES;
				CLANG_WARN_BOOL_CONVERSION = YES;
				CLANG_WARN_COMMA = YES;
				CLANG_WARN_CONSTANT_CONVERSION = YES;
				CLANG_WARN_DIRECT_OBJC_ISA_USAGE = YES_ERROR;
				CLANG_WARN_DOCUMENTATION_COMMENTS = YES;
				CLANG_WARN_EMPTY_BODY = YES;
				CLANG_WARN_ENUM_CONVERSION = YES;
				CLANG_WARN_INFINITE_RECURSION = YES;
				CLANG_WARN_INT_CONVERSION = YES;
				CLANG_WARN_OBJC_ROOT_CLASS = YES_ERROR;
				CLANG_WARN_RANGE_LOOP_ANALYSIS = YES;
				CLANG_WARN_STRICT_PROTOTYPES = YES;
				CLANG_WARN_SUSPICIOUS_MOVE = YES;
				CLANG_WARN_UNGUARDED_AVAILABILITY = YES_AGGRESSIVE;
				CLANG_WARN_UNREACHABLE_CODE = YES;
				CLANG_WARN__DUPLICATE_METHOD_MATCH = YES;
				CODE_SIGN_IDENTITY = "Mac Developer";
				COPY_PHASE_STRIP = NO;
				DEBUG_INFORMATION_FORMAT = dwarf;
				ENABLE_STRICT_OBJC_MSGSEND = YES;
				ENABLE_TESTABILITY = YES;
				GCC_C_LANGUAGE_STANDARD = gnu11;
				GCC_DYNAMIC_NO_PIC = NO;
				GCC_NO_COMMON_BLOCKS = YES;
				GCC_OPTIMIZATION_LEVEL = 0;
				GCC_PREPROCESSOR_DEFINITIONS = (
					"DEBUG=1",
					"$(inherited)",
				);
				GCC_WARN_64_TO_32_BIT_CONVERSION = YES;
				GCC_WARN_ABOUT_RETURN_TYPE = YES_ERROR;
				GCC_WARN_UNDECLARED_SELECTOR = YES;
				GCC_WARN_UNINITIALIZED_AUTOS = YES_AGGRESSIVE;
				GCC_WARN_UNUSED_FUNCTION = YES;
				GCC_WARN_UNUSED_VARIABLE = YES;
				MACOSX_DEPLOYMENT_TARGET = 10.12;
				MTL_ENABLE_DEBUG_INFO = YES;
				ONLY_ACTIVE_ARCH = YES;
				SDKROOT = macosx;
			};
			name = Debug;
		};
		F1EBA5241F0B0DAD0035B5DA /* Release */ = {
			isa = XCBuildConfiguration;
			buildSettings = {
				ALWAYS_SEARCH_USER_PATHS = NO;
				CLANG_ANALYZER_NONNULL = YES;
				CLANG_ANALYZER_NUMBER_OBJECT_CONVERSION = YES_AGGRESSIVE;
				CLANG_CXX_LANGUAGE_STANDARD = "gnu++14";
				CLANG_CXX_LIBRARY = "libc++";
				CLANG_ENABLE_MODULES = YES;
				CLANG_ENABLE_OBJC_ARC = YES;
				CLANG_WARN_BLOCK_CAPTURE_AUTORELEASING = YES;
				CLANG_WARN_BOOL_CONVERSION = YES;
				CLANG_WARN_COMMA = YES;
				CLANG_WARN_CONSTANT_CONVERSION = YES;
				CLANG_WARN_DIRECT_OBJC_ISA_USAGE = YES_ERROR;
				CLANG_WARN_DOCUMENTATION_COMMENTS = YES;
				CLANG_WARN_EMPTY_BODY = YES;
				CLANG_WARN_ENUM_CONVERSION = YES;
				CLANG_WARN_INFINITE_RECURSION = YES;
				CLANG_WARN_INT_CONVERSION = YES;
				CLANG_WARN_OBJC_ROOT_CLASS = YES_ERROR;
				CLANG_WARN_RANGE_LOOP_ANALYSIS = YES;
				CLANG_WARN_STRICT_PROTOTYPES = YES;
				CLANG_WARN_SUSPICIOUS_MOVE = YES;
				CLANG_WARN_UNGUARDED_AVAILABILITY = YES_AGGRESSIVE;
				CLANG_WARN_UNREACHABLE_CODE = YES;
				CLANG_WARN__DUPLICATE_METHOD_MATCH = YES;
				CODE_SIGN_IDENTITY = "Mac Developer";
				COPY_PHASE_STRIP = NO;
				DEBUG_INFORMATION_FORMAT = "dwarf-with-dsym";
				ENABLE_NS_ASSERTIONS = NO;
				ENABLE_STRICT_OBJC_MSGSEND = YES;
				GCC_C_LANGUAGE_STANDARD = gnu11;
				GCC_NO_COMMON_BLOCKS = YES;
				GCC_WARN_64_TO_32_BIT_CONVERSION = YES;
				GCC_WARN_ABOUT_RETURN_TYPE = YES_ERROR;
				GCC_WARN_UNDECLARED_SELECTOR = YES;
				GCC_WARN_UNINITIALIZED_AUTOS = YES_AGGRESSIVE;
				GCC_WARN_UNUSED_FUNCTION = YES;
				GCC_WARN_UNUSED_VARIABLE = YES;
				MACOSX_DEPLOYMENT_TARGET = 10.12;
				MTL_ENABLE_DEBUG_INFO = NO;
				SDKROOT = macosx;
			};
			name = Release;
		};
		F1EBA5261F0B0DAD0035B5DA /* Debug */ = {
			isa = XCBuildConfiguration;
			buildSettings = {
				CLANG_ENABLE_OBJC_ARC = NO;
				DEVELOPMENT_TEAM = H793M2BKCY;
				INFOPLIST_FILE = InternalFloppyDrive/Info.plist;
				MACOSX_DEPLOYMENT_TARGET = 10.6;
				MODULE_NAME = me.sydneyerickson.InternalFloppyDrive;
				MODULE_START = InternalFloppyDrive_start;
				MODULE_STOP = InternalFloppyDrive_stop;
				MODULE_VERSION = 1.0.0d1;
				PRODUCT_BUNDLE_IDENTIFIER = me.sydneyerickson.InternalFloppyDrive;
				PRODUCT_NAME = "$(TARGET_NAME)";
				SDKROOT = macosx10.6;
				WRAPPER_EXTENSION = kext;
			};
			name = Debug;
		};
		F1EBA5271F0B0DAD0035B5DA /* Release */ = {
			isa = XCBuildConfiguration;
			buildSettings = {
				CLANG_ENABLE_OBJC_ARC = NO;
				DEVELOPMENT_TEAM = H793M2BKCY;
				INFOPLIST_FILE = InternalFloppyDrive/Info.plist;
				MACOSX_DEPLOYMENT_TARGET = 10.6;
				MODULE_NAME = me.sydneyerickson.InternalFloppyDrive;
				MODULE_START = InternalFloppyDrive_start;
				MODULE_STOP = InternalFloppyDrive_stop;
				MODULE_VERSION = 1.0.0d1;
				PRODUCT_BUNDLE_IDENTIFIER = me.sydneyerickson.InternalFloppyDrive;
				PRODUCT_NAME = "$(TARGET_NAME)";
				SDKROOT = macosx10.6;
				WRAPPER_EXTENSION = kext;
			};
			name = Release;
		};
/* End XCBuildConfiguration section */

/* Begin XCConfigurationList section */
		F1EBA5171F0B0DAD0035B5DA /* Build configuration list for PBXProject "InternalFloppyDrive" */ = {
			isa = XCConfigurationList;
			buildConfigurations = (
				F1EBA5231F0B0DAD0035B5DA /* Debug */,
				F1EBA5241F0B0DAD0035B5DA /* Release */,
			);
			defaultConfigurationIsVisible = 0;
			defaultConfigurationName = Release;
		};
		F1EBA5251F0B0DAD0035B5DA /* Build configuration list for PBXNativeTarget "InternalFloppyDrive" */ = {
			isa = XCConfigurationList;
			buildConfigurations = (
				F1EBA5261F0B0DAD0035B5DA /* Debug */,
				F1EBA5271F0B0DAD0035B5DA /* Release */,
			);
			defaultConfigurationIsVisible = 0;
			defaultConfigurationName = Release;
		};
/* End XCConfigurationList section */
	};
	rootObject = F1EBA5141F0B0DAD0035B5DA /* Project object */;
}
